
Microsoft Visual Studio Solution File, Format Version 12.00
# Visual Studio Version 17
VisualStudioVersion = 17.5.002.0
MinimumVisualStudioVersion = 10.0.40219.1
Project("{9A19103F-16F7-4668-BE54-9A1E7A4F7556}") = "asp.netEVC1", "asp.netEVC1\asp.netEVC1.csproj", "{48A76791-4620-4A05-ADDD-45229FE49030}"
EndProject
Project("{9A19103F-16F7-4668-BE54-9A1E7A4F7556}") = "ClienteAPI_Gaspar", "ClienteAPI_Gaspar\ClienteAPI_Gaspar.csproj", "{61F83151-124E-40C1-A2F2-DDBB874254BF}"
EndProject
Project("{9A19103F-16F7-4668-BE54-9A1E7A4F7556}") = "CRUD_EF", "CRUD_EF\CRUD_EF.csproj", "{EA953784-2202-485E-86A0-49620D6AA1CB}"
EndProject
Project("{9A19103F-16F7-4668-BE54-9A1E7A4F7556}") = "MVC_EF_SP", "MVC_EF_SP\MVC_EF_SP.csproj", "{DA07B7BC-5B1C-4ECD-B6ED-E0F4B40FE5F5}"
EndProject
Project("{9A19103F-16F7-4668-BE54-9A1E7A4F7556}") = "NeptunoWebApi", "NeptunoWebApi\NeptunoWebApi.csproj", "{6C4AB960-FF51-45CF-BDC9-345599367AB9}"
EndProject
Project("{9A19103F-16F7-4668-BE54-9A1E7A4F7556}") = "ProyectoHospital", "ProyectoHospital\ProyectoHospital.csproj", "{191E81E8-1D2F-47D1-A51E-35AFA6571866}"
EndProject
Project("{9A19103F-16F7-4668-BE54-9A1E7A4F7556}") = "Pruebas.net", "Pruebas.net\Pruebas.net.csproj", "{74D09623-0A77-46EC-9621-4512BD068F6E}"
EndProject
Project("{9A19103F-16F7-4668-BE54-9A1E7A4F7556}") = "Semana7.NET", "Semana7.NET\Semana7.NET.csproj", "{EEAB6CBA-F951-4679-A3FE-39D7226647F7}"
EndProject
Project("{9A19103F-16F7-4668-BE54-9A1E7A4F7556}") = "ServicioWebApiGaspar", "ServicioWebApiGaspar\ServicioWebApiGaspar.csproj", "{8A0BE588-CCB8-4E7B-8F44-ECDD4A1B3878}"
EndProject
Project("{2150E333-8FDC-42A3-9474-1A3956D46DE8}") = "API-Tienda-Y", "API-Tienda-Y", "{CBDD4490-7847-47EC-AC28-CAD5BBA336F9}"
EndProject
Project("{9A19103F-16F7-4668-BE54-9A1E7A4F7556}") = "CrudWebTienda", "API-Tienda-Y\CrudWebTienda\CrudWebTienda.csproj", "{44882673-26D2-4D29-B421-56547951F1E2}"
EndProject
Project("{2150E333-8FDC-42A3-9474-1A3956D46DE8}") = "CRUD_MVC_NCAPAS", "CRUD_MVC_NCAPAS", "{0E295C45-ED27-4ACE-BCC7-8916528A7880}"
EndProject
Project("{9A19103F-16F7-4668-BE54-9A1E7A4F7556}") = "BusinessLayer", "CRUD_MVC_NCAPAS\BusinessLayer\BusinessLayer.csproj", "{7006C881-C336-4BAF-A439-40439C38627E}"
EndProject
Project("{9A19103F-16F7-4668-BE54-9A1E7A4F7556}") = "DataAccess", "CRUD_MVC_NCAPAS\DataAccess\DataAccess.csproj", "{A6FDA254-4E42-4FF0-AED6-18EEDE2018A7}"
EndProject
Project("{9A19103F-16F7-4668-BE54-9A1E7A4F7556}") = "PresentationLayer", "CRUD_MVC_NCAPAS\PresentationLayer\PresentationLayer.csproj", "{97EC6EAB-CED9-4C01-B944-9691350C5A0A}"
EndProject
Project("{2150E333-8FDC-42A3-9474-1A3956D46DE8}") = "EVC2.NET", "EVC2.NET", "{8BDAA270-6D0B-4A62-B38A-DABF7EC8AA9D}"
EndProject
Project("{9A19103F-16F7-4668-BE54-9A1E7A4F7556}") = "BusinessLayer", "EVC2.NET\BusinessLayer\BusinessLayer.csproj", "{A3133A79-0772-4E15-94F5-65F1E20C8BBC}"
EndProject
Project("{9A19103F-16F7-4668-BE54-9A1E7A4F7556}") = "DataAccess", "EVC2.NET\DataAccess\DataAccess.csproj", "{299B27C5-21A0-4D4B-AD3D-DAFB3022F5B7}"
EndProject
Project("{9A19103F-16F7-4668-BE54-9A1E7A4F7556}") = "PresentationLayer", "EVC2.NET\PresentationLayer\PresentationLayer.csproj", "{097D0757-94A3-4CF0-AC45-514198ADEBA8}"
EndProject
Project("{2150E333-8FDC-42A3-9474-1A3956D46DE8}") = "WebApiCrud", "WebApiCrud", "{251E8C07-8FE2-4488-8DBF-204A93A30017}"
EndProject
Project("{9A19103F-16F7-4668-BE54-9A1E7A4F7556}") = "BusinessLayer", "WebApiCrud\BusinessLayer\BusinessLayer.csproj", "{4675B24E-1762-4D6B-917F-498FBCA18020}"
EndProject
Project("{9A19103F-16F7-4668-BE54-9A1E7A4F7556}") = "DataAccess", "WebApiCrud\DataAccess\DataAccess.csproj", "{8106C298-52CE-4FC7-9CC4-ADF3FEAA3BA2}"
EndProject
Project("{9A19103F-16F7-4668-BE54-9A1E7A4F7556}") = "PresentationLayerCrudApi", "WebApiCrud\PresentationLayerCrudApi\PresentationLayerCrudApi.csproj", "{8CC3E759-DAD8-4989-8B43-A401F4FE79AA}"
EndProject
Global
	GlobalSection(SolutionConfigurationPlatforms) = preSolution
		Debug|Any CPU = Debug|Any CPU
		Release|Any CPU = Release|Any CPU
	EndGlobalSection
	GlobalSection(ProjectConfigurationPlatforms) = postSolution
		{48A76791-4620-4A05-ADDD-45229FE49030}.Debug|Any CPU.ActiveCfg = Debug|Any CPU
		{48A76791-4620-4A05-ADDD-45229FE49030}.Debug|Any CPU.Build.0 = Debug|Any CPU
		{48A76791-4620-4A05-ADDD-45229FE49030}.Release|Any CPU.ActiveCfg = Release|Any CPU
		{48A76791-4620-4A05-ADDD-45229FE49030}.Release|Any CPU.Build.0 = Release|Any CPU
		{61F83151-124E-40C1-A2F2-DDBB874254BF}.Debug|Any CPU.ActiveCfg = Debug|Any CPU
		{61F83151-124E-40C1-A2F2-DDBB874254BF}.Debug|Any CPU.Build.0 = Debug|Any CPU
		{61F83151-124E-40C1-A2F2-DDBB874254BF}.Release|Any CPU.ActiveCfg = Release|Any CPU
		{61F83151-124E-40C1-A2F2-DDBB874254BF}.Release|Any CPU.Build.0 = Release|Any CPU
		{EA953784-2202-485E-86A0-49620D6AA1CB}.Debug|Any CPU.ActiveCfg = Debug|Any CPU
		{EA953784-2202-485E-86A0-49620D6AA1CB}.Debug|Any CPU.Build.0 = Debug|Any CPU
		{EA953784-2202-485E-86A0-49620D6AA1CB}.Release|Any CPU.ActiveCfg = Release|Any CPU
		{EA953784-2202-485E-86A0-49620D6AA1CB}.Release|Any CPU.Build.0 = Release|Any CPU
		{DA07B7BC-5B1C-4ECD-B6ED-E0F4B40FE5F5}.Debug|Any CPU.ActiveCfg = Debug|Any CPU
		{DA07B7BC-5B1C-4ECD-B6ED-E0F4B40FE5F5}.Debug|Any CPU.Build.0 = Debug|Any CPU
		{DA07B7BC-5B1C-4ECD-B6ED-E0F4B40FE5F5}.Release|Any CPU.ActiveCfg = Release|Any CPU
		{DA07B7BC-5B1C-4ECD-B6ED-E0F4B40FE5F5}.Release|Any CPU.Build.0 = Release|Any CPU
		{6C4AB960-FF51-45CF-BDC9-345599367AB9}.Debug|Any CPU.ActiveCfg = Debug|Any CPU
		{6C4AB960-FF51-45CF-BDC9-345599367AB9}.Debug|Any CPU.Build.0 = Debug|Any CPU
		{6C4AB960-FF51-45CF-BDC9-345599367AB9}.Release|Any CPU.ActiveCfg = Release|Any CPU
		{6C4AB960-FF51-45CF-BDC9-345599367AB9}.Release|Any CPU.Build.0 = Release|Any CPU
		{191E81E8-1D2F-47D1-A51E-35AFA6571866}.Debug|Any CPU.ActiveCfg = Debug|Any CPU
		{191E81E8-1D2F-47D1-A51E-35AFA6571866}.Debug|Any CPU.Build.0 = Debug|Any CPU
		{191E81E8-1D2F-47D1-A51E-35AFA6571866}.Release|Any CPU.ActiveCfg = Release|Any CPU
		{191E81E8-1D2F-47D1-A51E-35AFA6571866}.Release|Any CPU.Build.0 = Release|Any CPU
		{74D09623-0A77-46EC-9621-4512BD068F6E}.Debug|Any CPU.ActiveCfg = Debug|Any CPU
		{74D09623-0A77-46EC-9621-4512BD068F6E}.Debug|Any CPU.Build.0 = Debug|Any CPU
		{74D09623-0A77-46EC-9621-4512BD068F6E}.Release|Any CPU.ActiveCfg = Release|Any CPU
		{74D09623-0A77-46EC-9621-4512BD068F6E}.Release|Any CPU.Build.0 = Release|Any CPU
		{EEAB6CBA-F951-4679-A3FE-39D7226647F7}.Debug|Any CPU.ActiveCfg = Debug|Any CPU
		{EEAB6CBA-F951-4679-A3FE-39D7226647F7}.Debug|Any CPU.Build.0 = Debug|Any CPU
		{EEAB6CBA-F951-4679-A3FE-39D7226647F7}.Release|Any CPU.ActiveCfg = Release|Any CPU
		{EEAB6CBA-F951-4679-A3FE-39D7226647F7}.Release|Any CPU.Build.0 = Release|Any CPU
		{8A0BE588-CCB8-4E7B-8F44-ECDD4A1B3878}.Debug|Any CPU.ActiveCfg = Debug|Any CPU
		{8A0BE588-CCB8-4E7B-8F44-ECDD4A1B3878}.Debug|Any CPU.Build.0 = Debug|Any CPU
		{8A0BE588-CCB8-4E7B-8F44-ECDD4A1B3878}.Release|Any CPU.ActiveCfg = Release|Any CPU
		{8A0BE588-CCB8-4E7B-8F44-ECDD4A1B3878}.Release|Any CPU.Build.0 = Release|Any CPU
		{44882673-26D2-4D29-B421-56547951F1E2}.Debug|Any CPU.ActiveCfg = Debug|Any CPU
		{44882673-26D2-4D29-B421-56547951F1E2}.Debug|Any CPU.Build.0 = Debug|Any CPU
		{44882673-26D2-4D29-B421-56547951F1E2}.Release|Any CPU.ActiveCfg = Release|Any CPU
		{44882673-26D2-4D29-B421-56547951F1E2}.Release|Any CPU.Build.0 = Release|Any CPU
		{7006C881-C336-4BAF-A439-40439C38627E}.Debug|Any CPU.ActiveCfg = Debug|Any CPU
		{7006C881-C336-4BAF-A439-40439C38627E}.Debug|Any CPU.Build.0 = Debug|Any CPU
		{7006C881-C336-4BAF-A439-40439C38627E}.Release|Any CPU.ActiveCfg = Release|Any CPU
		{7006C881-C336-4BAF-A439-40439C38627E}.Release|Any CPU.Build.0 = Release|Any CPU
		{A6FDA254-4E42-4FF0-AED6-18EEDE2018A7}.Debug|Any CPU.ActiveCfg = Debug|Any CPU
		{A6FDA254-4E42-4FF0-AED6-18EEDE2018A7}.Debug|Any CPU.Build.0 = Debug|Any CPU
		{A6FDA254-4E42-4FF0-AED6-18EEDE2018A7}.Release|Any CPU.ActiveCfg = Release|Any CPU
		{A6FDA254-4E42-4FF0-AED6-18EEDE2018A7}.Release|Any CPU.Build.0 = Release|Any CPU
		{97EC6EAB-CED9-4C01-B944-9691350C5A0A}.Debug|Any CPU.ActiveCfg = Debug|Any CPU
		{97EC6EAB-CED9-4C01-B944-9691350C5A0A}.Debug|Any CPU.Build.0 = Debug|Any CPU
		{97EC6EAB-CED9-4C01-B944-9691350C5A0A}.Release|Any CPU.ActiveCfg = Release|Any CPU
		{97EC6EAB-CED9-4C01-B944-9691350C5A0A}.Release|Any CPU.Build.0 = Release|Any CPU
		{A3133A79-0772-4E15-94F5-65F1E20C8BBC}.Debug|Any CPU.ActiveCfg = Debug|Any CPU
		{A3133A79-0772-4E15-94F5-65F1E20C8BBC}.Debug|Any CPU.Build.0 = Debug|Any CPU
		{A3133A79-0772-4E15-94F5-65F1E20C8BBC}.Release|Any CPU.ActiveCfg = Release|Any CPU
		{A3133A79-0772-4E15-94F5-65F1E20C8BBC}.Release|Any CPU.Build.0 = Release|Any CPU
		{299B27C5-21A0-4D4B-AD3D-DAFB3022F5B7}.Debug|Any CPU.ActiveCfg = Debug|Any CPU
		{299B27C5-21A0-4D4B-AD3D-DAFB3022F5B7}.Debug|Any CPU.Build.0 = Debug|Any CPU
		{299B27C5-21A0-4D4B-AD3D-DAFB3022F5B7}.Release|Any CPU.ActiveCfg = Release|Any CPU
		{299B27C5-21A0-4D4B-AD3D-DAFB3022F5B7}.Release|Any CPU.Build.0 = Release|Any CPU
		{097D0757-94A3-4CF0-AC45-514198ADEBA8}.Debug|Any CPU.ActiveCfg = Debug|Any CPU
		{097D0757-94A3-4CF0-AC45-514198ADEBA8}.Debug|Any CPU.Build.0 = Debug|Any CPU
		{097D0757-94A3-4CF0-AC45-514198ADEBA8}.Release|Any CPU.ActiveCfg = Release|Any CPU
		{097D0757-94A3-4CF0-AC45-514198ADEBA8}.Release|Any CPU.Build.0 = Release|Any CPU
		{4675B24E-1762-4D6B-917F-498FBCA18020}.Debug|Any CPU.ActiveCfg = Debug|Any CPU
		{4675B24E-1762-4D6B-917F-498FBCA18020}.Debug|Any CPU.Build.0 = Debug|Any CPU
		{4675B24E-1762-4D6B-917F-498FBCA18020}.Release|Any CPU.ActiveCfg = Release|Any CPU
		{4675B24E-1762-4D6B-917F-498FBCA18020}.Release|Any CPU.Build.0 = Release|Any CPU
		{8106C298-52CE-4FC7-9CC4-ADF3FEAA3BA2}.Debug|Any CPU.ActiveCfg = Debug|Any CPU
		{8106C298-52CE-4FC7-9CC4-ADF3FEAA3BA2}.Debug|Any CPU.Build.0 = Debug|Any CPU
		{8106C298-52CE-4FC7-9CC4-ADF3FEAA3BA2}.Release|Any CPU.ActiveCfg = Release|Any CPU
		{8106C298-52CE-4FC7-9CC4-ADF3FEAA3BA2}.Release|Any CPU.Build.0 = Release|Any CPU
		{8CC3E759-DAD8-4989-8B43-A401F4FE79AA}.Debug|Any CPU.ActiveCfg = Debug|Any CPU
		{8CC3E759-DAD8-4989-8B43-A401F4FE79AA}.Debug|Any CPU.Build.0 = Debug|Any CPU
		{8CC3E759-DAD8-4989-8B43-A401F4FE79AA}.Release|Any CPU.ActiveCfg = Release|Any CPU
		{8CC3E759-DAD8-4989-8B43-A401F4FE79AA}.Release|Any CPU.Build.0 = Release|Any CPU
	EndGlobalSection
	GlobalSection(SolutionProperties) = preSolution
		HideSolutionNode = FALSE
	EndGlobalSection
	GlobalSection(NestedProjects) = preSolution
		{44882673-26D2-4D29-B421-56547951F1E2} = {CBDD4490-7847-47EC-AC28-CAD5BBA336F9}
		{7006C881-C336-4BAF-A439-40439C38627E} = {0E295C45-ED27-4ACE-BCC7-8916528A7880}
		{A6FDA254-4E42-4FF0-AED6-18EEDE2018A7} = {0E295C45-ED27-4ACE-BCC7-8916528A7880}
		{97EC6EAB-CED9-4C01-B944-9691350C5A0A} = {0E295C45-ED27-4ACE-BCC7-8916528A7880}
		{A3133A79-0772-4E15-94F5-65F1E20C8BBC} = {8BDAA270-6D0B-4A62-B38A-DABF7EC8AA9D}
		{299B27C5-21A0-4D4B-AD3D-DAFB3022F5B7} = {8BDAA270-6D0B-4A62-B38A-DABF7EC8AA9D}
		{097D0757-94A3-4CF0-AC45-514198ADEBA8} = {8BDAA270-6D0B-4A62-B38A-DABF7EC8AA9D}
		{4675B24E-1762-4D6B-917F-498FBCA18020} = {251E8C07-8FE2-4488-8DBF-204A93A30017}
		{8106C298-52CE-4FC7-9CC4-ADF3FEAA3BA2} = {251E8C07-8FE2-4488-8DBF-204A93A30017}
		{8CC3E759-DAD8-4989-8B43-A401F4FE79AA} = {251E8C07-8FE2-4488-8DBF-204A93A30017}
	EndGlobalSection
	GlobalSection(ExtensibilityGlobals) = postSolution
		SolutionGuid = {D03BD7A4-7141-4CEA-AE20-8B38DF3A9345}
	EndGlobalSection
EndGlobal
