
Microsoft Visual Studio Solution File, Format Version 12.00
# Visual Studio Version 17
VisualStudioVersion = 17.5.002.0
MinimumVisualStudioVersion = 10.0.40219.1
Project("{2150E333-8FDC-42A3-9474-1A3956D46DE8}") = ".NET", ".NET", "{A1132418-F5AF-4029-8D74-C07C5F18BA40}"
EndProject
Project("{9A19103F-16F7-4668-BE54-9A1E7A4F7556}") = "asp.netEVC1", ".NET\asp.netEVC1\asp.netEVC1.csproj", "{F9AAAB84-B266-43E5-A31D-727DA0D6A11D}"
EndProject
Project("{9A19103F-16F7-4668-BE54-9A1E7A4F7556}") = "ClienteAPI_Gaspar", ".NET\ClienteAPI_Gaspar\ClienteAPI_Gaspar.csproj", "{5949C189-53EA-418D-A1CD-3487DDA0F178}"
EndProject
Project("{9A19103F-16F7-4668-BE54-9A1E7A4F7556}") = "CRUD_EF", ".NET\CRUD_EF\CRUD_EF.csproj", "{CBA16CBC-88B3-48B1-A5DF-13866D9AF6DB}"
EndProject
Project("{9A19103F-16F7-4668-BE54-9A1E7A4F7556}") = "MVC_EF_SP", ".NET\MVC_EF_SP\MVC_EF_SP.csproj", "{6E266BDA-50A7-403E-9E54-88DA8AB88F6A}"
EndProject
Project("{9A19103F-16F7-4668-BE54-9A1E7A4F7556}") = "ProyectoHospital", ".NET\ProyectoHospital\ProyectoHospital.csproj", "{74AC9CB9-2012-495A-995A-9767C26474D0}"
EndProject
Project("{9A19103F-16F7-4668-BE54-9A1E7A4F7556}") = "Pruebas.net", ".NET\Pruebas.net\Pruebas.net.csproj", "{2757B39E-B732-4518-B484-97C807E00B60}"
EndProject
Project("{9A19103F-16F7-4668-BE54-9A1E7A4F7556}") = "Semana7.NET", ".NET\Semana7.NET\Semana7.NET.csproj", "{D322AEBD-7FD4-48D8-9E1A-ADA2CE34CF86}"
EndProject
Project("{9A19103F-16F7-4668-BE54-9A1E7A4F7556}") = "ServicioWebApiGaspar", ".NET\ServicioWebApiGaspar\ServicioWebApiGaspar.csproj", "{D94A592B-9C2F-45A6-A0E7-D9D0F5533B86}"
EndProject
Project("{2150E333-8FDC-42A3-9474-1A3956D46DE8}") = "API-Tienda-Y", "API-Tienda-Y", "{A40CEB7D-A22B-417B-9D71-5A72840C9E8F}"
EndProject
Project("{9A19103F-16F7-4668-BE54-9A1E7A4F7556}") = "CrudWebTienda", ".NET\API-Tienda-Y\CrudWebTienda\CrudWebTienda.csproj", "{AD94426C-616E-4187-A5CB-2DBB2BE89F95}"
EndProject
Project("{2150E333-8FDC-42A3-9474-1A3956D46DE8}") = "CRUD_MVC_NCAPAS", "CRUD_MVC_NCAPAS", "{01246AF1-12BC-4732-92B7-89D7DFCC732F}"
EndProject
Project("{9A19103F-16F7-4668-BE54-9A1E7A4F7556}") = "BusinessLayer", ".NET\CRUD_MVC_NCAPAS\BusinessLayer\BusinessLayer.csproj", "{69B3FA62-D87E-4672-AA1B-81BC5D14D17B}"
EndProject
Project("{9A19103F-16F7-4668-BE54-9A1E7A4F7556}") = "DataAccess", ".NET\CRUD_MVC_NCAPAS\DataAccess\DataAccess.csproj", "{FF5ADB6B-0288-426C-88B2-02D0324885C2}"
EndProject
Project("{9A19103F-16F7-4668-BE54-9A1E7A4F7556}") = "PresentationLayer", ".NET\CRUD_MVC_NCAPAS\PresentationLayer\PresentationLayer.csproj", "{5FBC4696-1F01-455C-831A-E011B240463B}"
EndProject
Project("{2150E333-8FDC-42A3-9474-1A3956D46DE8}") = "EVC2.NET", "EVC2.NET", "{FC117208-2745-425C-B043-8746D10E6BA2}"
EndProject
Project("{9A19103F-16F7-4668-BE54-9A1E7A4F7556}") = "BusinessLayer", ".NET\EVC2.NET\BusinessLayer\BusinessLayer.csproj", "{D83AD188-C4E0-446B-8432-CAAE17680E93}"
EndProject
Project("{9A19103F-16F7-4668-BE54-9A1E7A4F7556}") = "DataAccess", ".NET\EVC2.NET\DataAccess\DataAccess.csproj", "{998694D7-8231-4A05-A4FF-624C96F6D43A}"
EndProject
Project("{9A19103F-16F7-4668-BE54-9A1E7A4F7556}") = "PresentationLayer", ".NET\EVC2.NET\PresentationLayer\PresentationLayer.csproj", "{FC2F4B7C-602A-4489-9C00-2D30F8BA9C64}"
EndProject
Project("{2150E333-8FDC-42A3-9474-1A3956D46DE8}") = "WebApiCrud", "WebApiCrud", "{8F502340-2C7A-40CB-B244-38EEFA0574B1}"
EndProject
Project("{9A19103F-16F7-4668-BE54-9A1E7A4F7556}") = "BusinessLayer", ".NET\WebApiCrud\BusinessLayer\BusinessLayer.csproj", "{A7712062-32A4-44E8-90D0-63E015FC178E}"
EndProject
Project("{9A19103F-16F7-4668-BE54-9A1E7A4F7556}") = "DataAccess", ".NET\WebApiCrud\DataAccess\DataAccess.csproj", "{EECCA5B8-744F-48CF-B301-06EF5D72B627}"
EndProject
Project("{9A19103F-16F7-4668-BE54-9A1E7A4F7556}") = "PresentationLayerCrudApi", ".NET\WebApiCrud\PresentationLayerCrudApi\PresentationLayerCrudApi.csproj", "{5F0B5AA9-AB71-4C86-A063-84704468C1DE}"
EndProject
Global
	GlobalSection(SolutionConfigurationPlatforms) = preSolution
		Debug|Any CPU = Debug|Any CPU
		Release|Any CPU = Release|Any CPU
	EndGlobalSection
	GlobalSection(ProjectConfigurationPlatforms) = postSolution
		{F9AAAB84-B266-43E5-A31D-727DA0D6A11D}.Debug|Any CPU.ActiveCfg = Debug|Any CPU
		{F9AAAB84-B266-43E5-A31D-727DA0D6A11D}.Debug|Any CPU.Build.0 = Debug|Any CPU
		{F9AAAB84-B266-43E5-A31D-727DA0D6A11D}.Release|Any CPU.ActiveCfg = Release|Any CPU
		{F9AAAB84-B266-43E5-A31D-727DA0D6A11D}.Release|Any CPU.Build.0 = Release|Any CPU
		{5949C189-53EA-418D-A1CD-3487DDA0F178}.Debug|Any CPU.ActiveCfg = Debug|Any CPU
		{5949C189-53EA-418D-A1CD-3487DDA0F178}.Debug|Any CPU.Build.0 = Debug|Any CPU
		{5949C189-53EA-418D-A1CD-3487DDA0F178}.Release|Any CPU.ActiveCfg = Release|Any CPU
		{5949C189-53EA-418D-A1CD-3487DDA0F178}.Release|Any CPU.Build.0 = Release|Any CPU
		{CBA16CBC-88B3-48B1-A5DF-13866D9AF6DB}.Debug|Any CPU.ActiveCfg = Debug|Any CPU
		{CBA16CBC-88B3-48B1-A5DF-13866D9AF6DB}.Debug|Any CPU.Build.0 = Debug|Any CPU
		{CBA16CBC-88B3-48B1-A5DF-13866D9AF6DB}.Release|Any CPU.ActiveCfg = Release|Any CPU
		{CBA16CBC-88B3-48B1-A5DF-13866D9AF6DB}.Release|Any CPU.Build.0 = Release|Any CPU
		{6E266BDA-50A7-403E-9E54-88DA8AB88F6A}.Debug|Any CPU.ActiveCfg = Debug|Any CPU
		{6E266BDA-50A7-403E-9E54-88DA8AB88F6A}.Debug|Any CPU.Build.0 = Debug|Any CPU
		{6E266BDA-50A7-403E-9E54-88DA8AB88F6A}.Release|Any CPU.ActiveCfg = Release|Any CPU
		{6E266BDA-50A7-403E-9E54-88DA8AB88F6A}.Release|Any CPU.Build.0 = Release|Any CPU
		{74AC9CB9-2012-495A-995A-9767C26474D0}.Debug|Any CPU.ActiveCfg = Debug|Any CPU
		{74AC9CB9-2012-495A-995A-9767C26474D0}.Debug|Any CPU.Build.0 = Debug|Any CPU
		{74AC9CB9-2012-495A-995A-9767C26474D0}.Release|Any CPU.ActiveCfg = Release|Any CPU
		{74AC9CB9-2012-495A-995A-9767C26474D0}.Release|Any CPU.Build.0 = Release|Any CPU
		{2757B39E-B732-4518-B484-97C807E00B60}.Debug|Any CPU.ActiveCfg = Debug|Any CPU
		{2757B39E-B732-4518-B484-97C807E00B60}.Debug|Any CPU.Build.0 = Debug|Any CPU
		{2757B39E-B732-4518-B484-97C807E00B60}.Release|Any CPU.ActiveCfg = Release|Any CPU
		{2757B39E-B732-4518-B484-97C807E00B60}.Release|Any CPU.Build.0 = Release|Any CPU
		{D322AEBD-7FD4-48D8-9E1A-ADA2CE34CF86}.Debug|Any CPU.ActiveCfg = Debug|Any CPU
		{D322AEBD-7FD4-48D8-9E1A-ADA2CE34CF86}.Debug|Any CPU.Build.0 = Debug|Any CPU
		{D322AEBD-7FD4-48D8-9E1A-ADA2CE34CF86}.Release|Any CPU.ActiveCfg = Release|Any CPU
		{D322AEBD-7FD4-48D8-9E1A-ADA2CE34CF86}.Release|Any CPU.Build.0 = Release|Any CPU
		{D94A592B-9C2F-45A6-A0E7-D9D0F5533B86}.Debug|Any CPU.ActiveCfg = Debug|Any CPU
		{D94A592B-9C2F-45A6-A0E7-D9D0F5533B86}.Debug|Any CPU.Build.0 = Debug|Any CPU
		{D94A592B-9C2F-45A6-A0E7-D9D0F5533B86}.Release|Any CPU.ActiveCfg = Release|Any CPU
		{D94A592B-9C2F-45A6-A0E7-D9D0F5533B86}.Release|Any CPU.Build.0 = Release|Any CPU
		{AD94426C-616E-4187-A5CB-2DBB2BE89F95}.Debug|Any CPU.ActiveCfg = Debug|Any CPU
		{AD94426C-616E-4187-A5CB-2DBB2BE89F95}.Debug|Any CPU.Build.0 = Debug|Any CPU
		{AD94426C-616E-4187-A5CB-2DBB2BE89F95}.Release|Any CPU.ActiveCfg = Release|Any CPU
		{AD94426C-616E-4187-A5CB-2DBB2BE89F95}.Release|Any CPU.Build.0 = Release|Any CPU
		{69B3FA62-D87E-4672-AA1B-81BC5D14D17B}.Debug|Any CPU.ActiveCfg = Debug|Any CPU
		{69B3FA62-D87E-4672-AA1B-81BC5D14D17B}.Debug|Any CPU.Build.0 = Debug|Any CPU
		{69B3FA62-D87E-4672-AA1B-81BC5D14D17B}.Release|Any CPU.ActiveCfg = Release|Any CPU
		{69B3FA62-D87E-4672-AA1B-81BC5D14D17B}.Release|Any CPU.Build.0 = Release|Any CPU
		{FF5ADB6B-0288-426C-88B2-02D0324885C2}.Debug|Any CPU.ActiveCfg = Debug|Any CPU
		{FF5ADB6B-0288-426C-88B2-02D0324885C2}.Debug|Any CPU.Build.0 = Debug|Any CPU
		{FF5ADB6B-0288-426C-88B2-02D0324885C2}.Release|Any CPU.ActiveCfg = Release|Any CPU
		{FF5ADB6B-0288-426C-88B2-02D0324885C2}.Release|Any CPU.Build.0 = Release|Any CPU
		{5FBC4696-1F01-455C-831A-E011B240463B}.Debug|Any CPU.ActiveCfg = Debug|Any CPU
		{5FBC4696-1F01-455C-831A-E011B240463B}.Debug|Any CPU.Build.0 = Debug|Any CPU
		{5FBC4696-1F01-455C-831A-E011B240463B}.Release|Any CPU.ActiveCfg = Release|Any CPU
		{5FBC4696-1F01-455C-831A-E011B240463B}.Release|Any CPU.Build.0 = Release|Any CPU
		{D83AD188-C4E0-446B-8432-CAAE17680E93}.Debug|Any CPU.ActiveCfg = Debug|Any CPU
		{D83AD188-C4E0-446B-8432-CAAE17680E93}.Debug|Any CPU.Build.0 = Debug|Any CPU
		{D83AD188-C4E0-446B-8432-CAAE17680E93}.Release|Any CPU.ActiveCfg = Release|Any CPU
		{D83AD188-C4E0-446B-8432-CAAE17680E93}.Release|Any CPU.Build.0 = Release|Any CPU
		{998694D7-8231-4A05-A4FF-624C96F6D43A}.Debug|Any CPU.ActiveCfg = Debug|Any CPU
		{998694D7-8231-4A05-A4FF-624C96F6D43A}.Debug|Any CPU.Build.0 = Debug|Any CPU
		{998694D7-8231-4A05-A4FF-624C96F6D43A}.Release|Any CPU.ActiveCfg = Release|Any CPU
		{998694D7-8231-4A05-A4FF-624C96F6D43A}.Release|Any CPU.Build.0 = Release|Any CPU
		{FC2F4B7C-602A-4489-9C00-2D30F8BA9C64}.Debug|Any CPU.ActiveCfg = Debug|Any CPU
		{FC2F4B7C-602A-4489-9C00-2D30F8BA9C64}.Debug|Any CPU.Build.0 = Debug|Any CPU
		{FC2F4B7C-602A-4489-9C00-2D30F8BA9C64}.Release|Any CPU.ActiveCfg = Release|Any CPU
		{FC2F4B7C-602A-4489-9C00-2D30F8BA9C64}.Release|Any CPU.Build.0 = Release|Any CPU
		{A7712062-32A4-44E8-90D0-63E015FC178E}.Debug|Any CPU.ActiveCfg = Debug|Any CPU
		{A7712062-32A4-44E8-90D0-63E015FC178E}.Debug|Any CPU.Build.0 = Debug|Any CPU
		{A7712062-32A4-44E8-90D0-63E015FC178E}.Release|Any CPU.ActiveCfg = Release|Any CPU
		{A7712062-32A4-44E8-90D0-63E015FC178E}.Release|Any CPU.Build.0 = Release|Any CPU
		{EECCA5B8-744F-48CF-B301-06EF5D72B627}.Debug|Any CPU.ActiveCfg = Debug|Any CPU
		{EECCA5B8-744F-48CF-B301-06EF5D72B627}.Debug|Any CPU.Build.0 = Debug|Any CPU
		{EECCA5B8-744F-48CF-B301-06EF5D72B627}.Release|Any CPU.ActiveCfg = Release|Any CPU
		{EECCA5B8-744F-48CF-B301-06EF5D72B627}.Release|Any CPU.Build.0 = Release|Any CPU
		{5F0B5AA9-AB71-4C86-A063-84704468C1DE}.Debug|Any CPU.ActiveCfg = Debug|Any CPU
		{5F0B5AA9-AB71-4C86-A063-84704468C1DE}.Debug|Any CPU.Build.0 = Debug|Any CPU
		{5F0B5AA9-AB71-4C86-A063-84704468C1DE}.Release|Any CPU.ActiveCfg = Release|Any CPU
		{5F0B5AA9-AB71-4C86-A063-84704468C1DE}.Release|Any CPU.Build.0 = Release|Any CPU
	EndGlobalSection
	GlobalSection(SolutionProperties) = preSolution
		HideSolutionNode = FALSE
	EndGlobalSection
	GlobalSection(NestedProjects) = preSolution
		{F9AAAB84-B266-43E5-A31D-727DA0D6A11D} = {A1132418-F5AF-4029-8D74-C07C5F18BA40}
		{5949C189-53EA-418D-A1CD-3487DDA0F178} = {A1132418-F5AF-4029-8D74-C07C5F18BA40}
		{CBA16CBC-88B3-48B1-A5DF-13866D9AF6DB} = {A1132418-F5AF-4029-8D74-C07C5F18BA40}
		{6E266BDA-50A7-403E-9E54-88DA8AB88F6A} = {A1132418-F5AF-4029-8D74-C07C5F18BA40}
		{74AC9CB9-2012-495A-995A-9767C26474D0} = {A1132418-F5AF-4029-8D74-C07C5F18BA40}
		{2757B39E-B732-4518-B484-97C807E00B60} = {A1132418-F5AF-4029-8D74-C07C5F18BA40}
		{D322AEBD-7FD4-48D8-9E1A-ADA2CE34CF86} = {A1132418-F5AF-4029-8D74-C07C5F18BA40}
		{D94A592B-9C2F-45A6-A0E7-D9D0F5533B86} = {A1132418-F5AF-4029-8D74-C07C5F18BA40}
		{A40CEB7D-A22B-417B-9D71-5A72840C9E8F} = {A1132418-F5AF-4029-8D74-C07C5F18BA40}
		{AD94426C-616E-4187-A5CB-2DBB2BE89F95} = {A40CEB7D-A22B-417B-9D71-5A72840C9E8F}
		{01246AF1-12BC-4732-92B7-89D7DFCC732F} = {A1132418-F5AF-4029-8D74-C07C5F18BA40}
		{69B3FA62-D87E-4672-AA1B-81BC5D14D17B} = {01246AF1-12BC-4732-92B7-89D7DFCC732F}
		{FF5ADB6B-0288-426C-88B2-02D0324885C2} = {01246AF1-12BC-4732-92B7-89D7DFCC732F}
		{5FBC4696-1F01-455C-831A-E011B240463B} = {01246AF1-12BC-4732-92B7-89D7DFCC732F}
		{FC117208-2745-425C-B043-8746D10E6BA2} = {A1132418-F5AF-4029-8D74-C07C5F18BA40}
		{D83AD188-C4E0-446B-8432-CAAE17680E93} = {FC117208-2745-425C-B043-8746D10E6BA2}
		{998694D7-8231-4A05-A4FF-624C96F6D43A} = {FC117208-2745-425C-B043-8746D10E6BA2}
		{FC2F4B7C-602A-4489-9C00-2D30F8BA9C64} = {FC117208-2745-425C-B043-8746D10E6BA2}
		{8F502340-2C7A-40CB-B244-38EEFA0574B1} = {A1132418-F5AF-4029-8D74-C07C5F18BA40}
		{A7712062-32A4-44E8-90D0-63E015FC178E} = {8F502340-2C7A-40CB-B244-38EEFA0574B1}
		{EECCA5B8-744F-48CF-B301-06EF5D72B627} = {8F502340-2C7A-40CB-B244-38EEFA0574B1}
		{5F0B5AA9-AB71-4C86-A063-84704468C1DE} = {8F502340-2C7A-40CB-B244-38EEFA0574B1}
	EndGlobalSection
	GlobalSection(ExtensibilityGlobals) = postSolution
		SolutionGuid = {9290D1B9-A85E-4983-A01B-4EDB8697635D}
	EndGlobalSection
EndGlobal
