
Microsoft Visual Studio Solution File, Format Version 12.00
# Visual Studio Version 17
VisualStudioVersion = 17.5.002.0
MinimumVisualStudioVersion = 10.0.40219.1
Project("{9A19103F-16F7-4668-BE54-9A1E7A4F7556}") = "asp.netEVC1", "asp.netEVC1\asp.netEVC1.csproj", "{9F9436FA-226B-4D60-ABC1-D7E45E175B81}"
EndProject
Project("{9A19103F-16F7-4668-BE54-9A1E7A4F7556}") = "ClienteAPI_Gaspar", "ClienteAPI_Gaspar\ClienteAPI_Gaspar.csproj", "{3E874230-27DB-434C-B440-462302E4DFA1}"
EndProject
Project("{9A19103F-16F7-4668-BE54-9A1E7A4F7556}") = "CRUD_EF", "CRUD_EF\CRUD_EF.csproj", "{D2962605-4E75-4206-8E95-F3C3F4FF98C0}"
EndProject
Project("{9A19103F-16F7-4668-BE54-9A1E7A4F7556}") = "MVC_EF_SP", "MVC_EF_SP\MVC_EF_SP.csproj", "{F7E37FA6-3E37-4AAA-9DCC-EF1BAA0F7B6E}"
EndProject
Project("{9A19103F-16F7-4668-BE54-9A1E7A4F7556}") = "NeptunoWebApi", "NeptunoWebApi\NeptunoWebApi.csproj", "{0E012579-4395-43EC-AFF7-9A64EC54A92D}"
EndProject
Project("{9A19103F-16F7-4668-BE54-9A1E7A4F7556}") = "ProyectoHospital", "ProyectoHospital\ProyectoHospital.csproj", "{E5469C4B-0989-45EB-97C4-FA3B9E87F3D8}"
EndProject
Project("{9A19103F-16F7-4668-BE54-9A1E7A4F7556}") = "Pruebas.net", "Pruebas.net\Pruebas.net.csproj", "{5A510A40-3EC1-4D91-BCA9-96F4597FC6FE}"
EndProject
Project("{9A19103F-16F7-4668-BE54-9A1E7A4F7556}") = "Semana7.NET", "Semana7.NET\Semana7.NET.csproj", "{443C9D98-27F7-410C-843E-691CB6610589}"
EndProject
Project("{9A19103F-16F7-4668-BE54-9A1E7A4F7556}") = "ServicioWebApiGaspar", "ServicioWebApiGaspar\ServicioWebApiGaspar.csproj", "{12DE28D2-A5FD-424D-A678-2EA7FD0DC866}"
EndProject
Project("{2150E333-8FDC-42A3-9474-1A3956D46DE8}") = "API-Tienda-Y", "API-Tienda-Y", "{C899BCC6-8C27-402A-A153-AD5501E96282}"
EndProject
Project("{9A19103F-16F7-4668-BE54-9A1E7A4F7556}") = "CrudWebTienda", "API-Tienda-Y\CrudWebTienda\CrudWebTienda.csproj", "{A7D1C30A-20CA-42AB-8B47-A1CA68F8D4B4}"
EndProject
Project("{2150E333-8FDC-42A3-9474-1A3956D46DE8}") = "CRUD_MVC_NCAPAS", "CRUD_MVC_NCAPAS", "{016AB864-EF30-4780-BBAD-229DF5D2DE25}"
EndProject
Project("{9A19103F-16F7-4668-BE54-9A1E7A4F7556}") = "BusinessLayer", "CRUD_MVC_NCAPAS\BusinessLayer\BusinessLayer.csproj", "{F2FE3F89-BFDC-47F6-B420-4B643E2FC07A}"
EndProject
Project("{9A19103F-16F7-4668-BE54-9A1E7A4F7556}") = "DataAccess", "CRUD_MVC_NCAPAS\DataAccess\DataAccess.csproj", "{447E18D3-2053-4B87-A600-392A2A6F87CD}"
EndProject
Project("{9A19103F-16F7-4668-BE54-9A1E7A4F7556}") = "PresentationLayer", "CRUD_MVC_NCAPAS\PresentationLayer\PresentationLayer.csproj", "{25A52260-CF1A-422A-9E78-CC8A148AC1FE}"
EndProject
Project("{2150E333-8FDC-42A3-9474-1A3956D46DE8}") = "EVC2.NET", "EVC2.NET", "{64DE5B7C-C8DD-4CAC-B859-3BB63C80525E}"
EndProject
Project("{9A19103F-16F7-4668-BE54-9A1E7A4F7556}") = "BusinessLayer", "EVC2.NET\BusinessLayer\BusinessLayer.csproj", "{05B0A428-95E4-41DE-B139-D200A00B73B7}"
EndProject
Project("{9A19103F-16F7-4668-BE54-9A1E7A4F7556}") = "DataAccess", "EVC2.NET\DataAccess\DataAccess.csproj", "{44439F57-4FE8-46D8-971F-B66338AD9D27}"
EndProject
Project("{9A19103F-16F7-4668-BE54-9A1E7A4F7556}") = "PresentationLayer", "EVC2.NET\PresentationLayer\PresentationLayer.csproj", "{DC34FBF2-45E2-43D7-BB6A-33B135EA7029}"
EndProject
Project("{2150E333-8FDC-42A3-9474-1A3956D46DE8}") = "WebApiCrud", "WebApiCrud", "{8F5C299E-2032-4C1E-AF60-346F4DCDA4C7}"
EndProject
Project("{9A19103F-16F7-4668-BE54-9A1E7A4F7556}") = "BusinessLayer", "WebApiCrud\BusinessLayer\BusinessLayer.csproj", "{17BABBFB-E5C0-4761-9C9B-40EB136A04AC}"
EndProject
Project("{9A19103F-16F7-4668-BE54-9A1E7A4F7556}") = "DataAccess", "WebApiCrud\DataAccess\DataAccess.csproj", "{763479D1-2B98-428C-9FDE-149EEDE408AA}"
EndProject
Project("{9A19103F-16F7-4668-BE54-9A1E7A4F7556}") = "PresentationLayerCrudApi", "WebApiCrud\PresentationLayerCrudApi\PresentationLayerCrudApi.csproj", "{C568D47B-FC86-4D3A-ACD0-423BB8E6F284}"
EndProject
Global
	GlobalSection(SolutionConfigurationPlatforms) = preSolution
		Debug|Any CPU = Debug|Any CPU
		Release|Any CPU = Release|Any CPU
	EndGlobalSection
	GlobalSection(ProjectConfigurationPlatforms) = postSolution
		{9F9436FA-226B-4D60-ABC1-D7E45E175B81}.Debug|Any CPU.ActiveCfg = Debug|Any CPU
		{9F9436FA-226B-4D60-ABC1-D7E45E175B81}.Debug|Any CPU.Build.0 = Debug|Any CPU
		{9F9436FA-226B-4D60-ABC1-D7E45E175B81}.Release|Any CPU.ActiveCfg = Release|Any CPU
		{9F9436FA-226B-4D60-ABC1-D7E45E175B81}.Release|Any CPU.Build.0 = Release|Any CPU
		{3E874230-27DB-434C-B440-462302E4DFA1}.Debug|Any CPU.ActiveCfg = Debug|Any CPU
		{3E874230-27DB-434C-B440-462302E4DFA1}.Debug|Any CPU.Build.0 = Debug|Any CPU
		{3E874230-27DB-434C-B440-462302E4DFA1}.Release|Any CPU.ActiveCfg = Release|Any CPU
		{3E874230-27DB-434C-B440-462302E4DFA1}.Release|Any CPU.Build.0 = Release|Any CPU
		{D2962605-4E75-4206-8E95-F3C3F4FF98C0}.Debug|Any CPU.ActiveCfg = Debug|Any CPU
		{D2962605-4E75-4206-8E95-F3C3F4FF98C0}.Debug|Any CPU.Build.0 = Debug|Any CPU
		{D2962605-4E75-4206-8E95-F3C3F4FF98C0}.Release|Any CPU.ActiveCfg = Release|Any CPU
		{D2962605-4E75-4206-8E95-F3C3F4FF98C0}.Release|Any CPU.Build.0 = Release|Any CPU
		{F7E37FA6-3E37-4AAA-9DCC-EF1BAA0F7B6E}.Debug|Any CPU.ActiveCfg = Debug|Any CPU
		{F7E37FA6-3E37-4AAA-9DCC-EF1BAA0F7B6E}.Debug|Any CPU.Build.0 = Debug|Any CPU
		{F7E37FA6-3E37-4AAA-9DCC-EF1BAA0F7B6E}.Release|Any CPU.ActiveCfg = Release|Any CPU
		{F7E37FA6-3E37-4AAA-9DCC-EF1BAA0F7B6E}.Release|Any CPU.Build.0 = Release|Any CPU
		{0E012579-4395-43EC-AFF7-9A64EC54A92D}.Debug|Any CPU.ActiveCfg = Debug|Any CPU
		{0E012579-4395-43EC-AFF7-9A64EC54A92D}.Debug|Any CPU.Build.0 = Debug|Any CPU
		{0E012579-4395-43EC-AFF7-9A64EC54A92D}.Release|Any CPU.ActiveCfg = Release|Any CPU
		{0E012579-4395-43EC-AFF7-9A64EC54A92D}.Release|Any CPU.Build.0 = Release|Any CPU
		{E5469C4B-0989-45EB-97C4-FA3B9E87F3D8}.Debug|Any CPU.ActiveCfg = Debug|Any CPU
		{E5469C4B-0989-45EB-97C4-FA3B9E87F3D8}.Debug|Any CPU.Build.0 = Debug|Any CPU
		{E5469C4B-0989-45EB-97C4-FA3B9E87F3D8}.Release|Any CPU.ActiveCfg = Release|Any CPU
		{E5469C4B-0989-45EB-97C4-FA3B9E87F3D8}.Release|Any CPU.Build.0 = Release|Any CPU
		{5A510A40-3EC1-4D91-BCA9-96F4597FC6FE}.Debug|Any CPU.ActiveCfg = Debug|Any CPU
		{5A510A40-3EC1-4D91-BCA9-96F4597FC6FE}.Debug|Any CPU.Build.0 = Debug|Any CPU
		{5A510A40-3EC1-4D91-BCA9-96F4597FC6FE}.Release|Any CPU.ActiveCfg = Release|Any CPU
		{5A510A40-3EC1-4D91-BCA9-96F4597FC6FE}.Release|Any CPU.Build.0 = Release|Any CPU
		{443C9D98-27F7-410C-843E-691CB6610589}.Debug|Any CPU.ActiveCfg = Debug|Any CPU
		{443C9D98-27F7-410C-843E-691CB6610589}.Debug|Any CPU.Build.0 = Debug|Any CPU
		{443C9D98-27F7-410C-843E-691CB6610589}.Release|Any CPU.ActiveCfg = Release|Any CPU
		{443C9D98-27F7-410C-843E-691CB6610589}.Release|Any CPU.Build.0 = Release|Any CPU
		{12DE28D2-A5FD-424D-A678-2EA7FD0DC866}.Debug|Any CPU.ActiveCfg = Debug|Any CPU
		{12DE28D2-A5FD-424D-A678-2EA7FD0DC866}.Debug|Any CPU.Build.0 = Debug|Any CPU
		{12DE28D2-A5FD-424D-A678-2EA7FD0DC866}.Release|Any CPU.ActiveCfg = Release|Any CPU
		{12DE28D2-A5FD-424D-A678-2EA7FD0DC866}.Release|Any CPU.Build.0 = Release|Any CPU
		{A7D1C30A-20CA-42AB-8B47-A1CA68F8D4B4}.Debug|Any CPU.ActiveCfg = Debug|Any CPU
		{A7D1C30A-20CA-42AB-8B47-A1CA68F8D4B4}.Debug|Any CPU.Build.0 = Debug|Any CPU
		{A7D1C30A-20CA-42AB-8B47-A1CA68F8D4B4}.Release|Any CPU.ActiveCfg = Release|Any CPU
		{A7D1C30A-20CA-42AB-8B47-A1CA68F8D4B4}.Release|Any CPU.Build.0 = Release|Any CPU
		{F2FE3F89-BFDC-47F6-B420-4B643E2FC07A}.Debug|Any CPU.ActiveCfg = Debug|Any CPU
		{F2FE3F89-BFDC-47F6-B420-4B643E2FC07A}.Debug|Any CPU.Build.0 = Debug|Any CPU
		{F2FE3F89-BFDC-47F6-B420-4B643E2FC07A}.Release|Any CPU.ActiveCfg = Release|Any CPU
		{F2FE3F89-BFDC-47F6-B420-4B643E2FC07A}.Release|Any CPU.Build.0 = Release|Any CPU
		{447E18D3-2053-4B87-A600-392A2A6F87CD}.Debug|Any CPU.ActiveCfg = Debug|Any CPU
		{447E18D3-2053-4B87-A600-392A2A6F87CD}.Debug|Any CPU.Build.0 = Debug|Any CPU
		{447E18D3-2053-4B87-A600-392A2A6F87CD}.Release|Any CPU.ActiveCfg = Release|Any CPU
		{447E18D3-2053-4B87-A600-392A2A6F87CD}.Release|Any CPU.Build.0 = Release|Any CPU
		{25A52260-CF1A-422A-9E78-CC8A148AC1FE}.Debug|Any CPU.ActiveCfg = Debug|Any CPU
		{25A52260-CF1A-422A-9E78-CC8A148AC1FE}.Debug|Any CPU.Build.0 = Debug|Any CPU
		{25A52260-CF1A-422A-9E78-CC8A148AC1FE}.Release|Any CPU.ActiveCfg = Release|Any CPU
		{25A52260-CF1A-422A-9E78-CC8A148AC1FE}.Release|Any CPU.Build.0 = Release|Any CPU
		{05B0A428-95E4-41DE-B139-D200A00B73B7}.Debug|Any CPU.ActiveCfg = Debug|Any CPU
		{05B0A428-95E4-41DE-B139-D200A00B73B7}.Debug|Any CPU.Build.0 = Debug|Any CPU
		{05B0A428-95E4-41DE-B139-D200A00B73B7}.Release|Any CPU.ActiveCfg = Release|Any CPU
		{05B0A428-95E4-41DE-B139-D200A00B73B7}.Release|Any CPU.Build.0 = Release|Any CPU
		{44439F57-4FE8-46D8-971F-B66338AD9D27}.Debug|Any CPU.ActiveCfg = Debug|Any CPU
		{44439F57-4FE8-46D8-971F-B66338AD9D27}.Debug|Any CPU.Build.0 = Debug|Any CPU
		{44439F57-4FE8-46D8-971F-B66338AD9D27}.Release|Any CPU.ActiveCfg = Release|Any CPU
		{44439F57-4FE8-46D8-971F-B66338AD9D27}.Release|Any CPU.Build.0 = Release|Any CPU
		{DC34FBF2-45E2-43D7-BB6A-33B135EA7029}.Debug|Any CPU.ActiveCfg = Debug|Any CPU
		{DC34FBF2-45E2-43D7-BB6A-33B135EA7029}.Debug|Any CPU.Build.0 = Debug|Any CPU
		{DC34FBF2-45E2-43D7-BB6A-33B135EA7029}.Release|Any CPU.ActiveCfg = Release|Any CPU
		{DC34FBF2-45E2-43D7-BB6A-33B135EA7029}.Release|Any CPU.Build.0 = Release|Any CPU
		{17BABBFB-E5C0-4761-9C9B-40EB136A04AC}.Debug|Any CPU.ActiveCfg = Debug|Any CPU
		{17BABBFB-E5C0-4761-9C9B-40EB136A04AC}.Debug|Any CPU.Build.0 = Debug|Any CPU
		{17BABBFB-E5C0-4761-9C9B-40EB136A04AC}.Release|Any CPU.ActiveCfg = Release|Any CPU
		{17BABBFB-E5C0-4761-9C9B-40EB136A04AC}.Release|Any CPU.Build.0 = Release|Any CPU
		{763479D1-2B98-428C-9FDE-149EEDE408AA}.Debug|Any CPU.ActiveCfg = Debug|Any CPU
		{763479D1-2B98-428C-9FDE-149EEDE408AA}.Debug|Any CPU.Build.0 = Debug|Any CPU
		{763479D1-2B98-428C-9FDE-149EEDE408AA}.Release|Any CPU.ActiveCfg = Release|Any CPU
		{763479D1-2B98-428C-9FDE-149EEDE408AA}.Release|Any CPU.Build.0 = Release|Any CPU
		{C568D47B-FC86-4D3A-ACD0-423BB8E6F284}.Debug|Any CPU.ActiveCfg = Debug|Any CPU
		{C568D47B-FC86-4D3A-ACD0-423BB8E6F284}.Debug|Any CPU.Build.0 = Debug|Any CPU
		{C568D47B-FC86-4D3A-ACD0-423BB8E6F284}.Release|Any CPU.ActiveCfg = Release|Any CPU
		{C568D47B-FC86-4D3A-ACD0-423BB8E6F284}.Release|Any CPU.Build.0 = Release|Any CPU
	EndGlobalSection
	GlobalSection(SolutionProperties) = preSolution
		HideSolutionNode = FALSE
	EndGlobalSection
	GlobalSection(NestedProjects) = preSolution
		{A7D1C30A-20CA-42AB-8B47-A1CA68F8D4B4} = {C899BCC6-8C27-402A-A153-AD5501E96282}
		{F2FE3F89-BFDC-47F6-B420-4B643E2FC07A} = {016AB864-EF30-4780-BBAD-229DF5D2DE25}
		{447E18D3-2053-4B87-A600-392A2A6F87CD} = {016AB864-EF30-4780-BBAD-229DF5D2DE25}
		{25A52260-CF1A-422A-9E78-CC8A148AC1FE} = {016AB864-EF30-4780-BBAD-229DF5D2DE25}
		{05B0A428-95E4-41DE-B139-D200A00B73B7} = {64DE5B7C-C8DD-4CAC-B859-3BB63C80525E}
		{44439F57-4FE8-46D8-971F-B66338AD9D27} = {64DE5B7C-C8DD-4CAC-B859-3BB63C80525E}
		{DC34FBF2-45E2-43D7-BB6A-33B135EA7029} = {64DE5B7C-C8DD-4CAC-B859-3BB63C80525E}
		{17BABBFB-E5C0-4761-9C9B-40EB136A04AC} = {8F5C299E-2032-4C1E-AF60-346F4DCDA4C7}
		{763479D1-2B98-428C-9FDE-149EEDE408AA} = {8F5C299E-2032-4C1E-AF60-346F4DCDA4C7}
		{C568D47B-FC86-4D3A-ACD0-423BB8E6F284} = {8F5C299E-2032-4C1E-AF60-346F4DCDA4C7}
	EndGlobalSection
	GlobalSection(ExtensibilityGlobals) = postSolution
		SolutionGuid = {09032752-35C6-44BA-9492-BC2F4C0470AF}
	EndGlobalSection
EndGlobal
