
Microsoft Visual Studio Solution File, Format Version 12.00
# Visual Studio Version 17
VisualStudioVersion = 17.5.002.0
MinimumVisualStudioVersion = 10.0.40219.1
Project("{9A19103F-16F7-4668-BE54-9A1E7A4F7556}") = "asp.netEVC1", "asp.netEVC1\asp.netEVC1.csproj", "{589DFA69-984F-4B00-B558-06855BD983A7}"
EndProject
Project("{9A19103F-16F7-4668-BE54-9A1E7A4F7556}") = "ClienteAPI_Gaspar", "ClienteAPI_Gaspar\ClienteAPI_Gaspar.csproj", "{0E7D7D28-8862-49D4-B88F-5E102DB6BD09}"
EndProject
Project("{9A19103F-16F7-4668-BE54-9A1E7A4F7556}") = "CRUD_EF", "CRUD_EF\CRUD_EF.csproj", "{E71C3856-4536-44A3-9B84-2D668542E7DF}"
EndProject
Project("{9A19103F-16F7-4668-BE54-9A1E7A4F7556}") = "MVC_EF_SP", "MVC_EF_SP\MVC_EF_SP.csproj", "{0D859B70-B534-4E98-B9A1-2E20853AA77C}"
EndProject
Project("{9A19103F-16F7-4668-BE54-9A1E7A4F7556}") = "NeptunoWebApi", "NeptunoWebApi\NeptunoWebApi.csproj", "{2AF8DC9B-6917-4B6E-B740-D19DC8CD9646}"
EndProject
Project("{9A19103F-16F7-4668-BE54-9A1E7A4F7556}") = "ProyectoHospital", "ProyectoHospital\ProyectoHospital.csproj", "{209C8253-5F1C-4AA5-AF96-17D2FC785813}"
EndProject
Project("{9A19103F-16F7-4668-BE54-9A1E7A4F7556}") = "Pruebas.net", "Pruebas.net\Pruebas.net.csproj", "{8BD7ACDC-C7B8-4687-A089-A87073202EE6}"
EndProject
Project("{9A19103F-16F7-4668-BE54-9A1E7A4F7556}") = "Semana7.NET", "Semana7.NET\Semana7.NET.csproj", "{F402E09A-1298-49DD-886F-0D59EFDD9E79}"
EndProject
Project("{9A19103F-16F7-4668-BE54-9A1E7A4F7556}") = "ServicioWebApiGaspar", "ServicioWebApiGaspar\ServicioWebApiGaspar.csproj", "{B6AEF080-C23E-4D4D-958C-E0D8AC66B044}"
EndProject
Project("{2150E333-8FDC-42A3-9474-1A3956D46DE8}") = "API-Tienda-Y", "API-Tienda-Y", "{BD460EB1-8EBD-465F-B70A-EC3DB24E5F78}"
EndProject
Project("{9A19103F-16F7-4668-BE54-9A1E7A4F7556}") = "CrudWebTienda", "API-Tienda-Y\CrudWebTienda\CrudWebTienda.csproj", "{0384668E-1335-468F-8245-C53DAC37A3B8}"
EndProject
Project("{2150E333-8FDC-42A3-9474-1A3956D46DE8}") = "CRUD_MVC_NCAPAS", "CRUD_MVC_NCAPAS", "{C4C8AC11-9F1E-449B-B11B-5AFDD84132B2}"
EndProject
Project("{9A19103F-16F7-4668-BE54-9A1E7A4F7556}") = "BusinessLayer", "CRUD_MVC_NCAPAS\BusinessLayer\BusinessLayer.csproj", "{4DF109E8-00B5-4149-A1BA-CBB65179A1B3}"
EndProject
Project("{9A19103F-16F7-4668-BE54-9A1E7A4F7556}") = "DataAccess", "CRUD_MVC_NCAPAS\DataAccess\DataAccess.csproj", "{F591F2CC-54D1-4D1F-846E-19E8B0D10E77}"
EndProject
Project("{9A19103F-16F7-4668-BE54-9A1E7A4F7556}") = "PresentationLayer", "CRUD_MVC_NCAPAS\PresentationLayer\PresentationLayer.csproj", "{56334815-404B-4776-9ED6-0DB6B50E1CCA}"
EndProject
Project("{2150E333-8FDC-42A3-9474-1A3956D46DE8}") = "EVC2.NET", "EVC2.NET", "{5AD6457C-2384-4845-84D1-B29CCE50148E}"
EndProject
Project("{9A19103F-16F7-4668-BE54-9A1E7A4F7556}") = "BusinessLayer", "EVC2.NET\BusinessLayer\BusinessLayer.csproj", "{96A21112-0121-4D2F-8FC9-B1885E56D131}"
EndProject
Project("{9A19103F-16F7-4668-BE54-9A1E7A4F7556}") = "DataAccess", "EVC2.NET\DataAccess\DataAccess.csproj", "{56940995-2137-4443-BC8A-5943B46BEEB2}"
EndProject
Project("{9A19103F-16F7-4668-BE54-9A1E7A4F7556}") = "PresentationLayer", "EVC2.NET\PresentationLayer\PresentationLayer.csproj", "{631A8DE9-8A11-4D11-943B-C2CB0499DA3E}"
EndProject
Project("{2150E333-8FDC-42A3-9474-1A3956D46DE8}") = "WebApiCrud", "WebApiCrud", "{6273022E-F85F-4C0A-82E2-7858B4284B6F}"
EndProject
Project("{9A19103F-16F7-4668-BE54-9A1E7A4F7556}") = "BusinessLayer", "WebApiCrud\BusinessLayer\BusinessLayer.csproj", "{6EE5A5B3-D0F9-46D0-BF15-A9B7CF08238E}"
EndProject
Project("{9A19103F-16F7-4668-BE54-9A1E7A4F7556}") = "DataAccess", "WebApiCrud\DataAccess\DataAccess.csproj", "{08BE1A28-8B2A-440A-9FC4-FABB3A012305}"
EndProject
Project("{9A19103F-16F7-4668-BE54-9A1E7A4F7556}") = "PresentationLayerCrudApi", "WebApiCrud\PresentationLayerCrudApi\PresentationLayerCrudApi.csproj", "{C375FF3B-1811-4529-B1D3-78FB1C8DF5E7}"
EndProject
Global
	GlobalSection(SolutionConfigurationPlatforms) = preSolution
		Debug|Any CPU = Debug|Any CPU
		Release|Any CPU = Release|Any CPU
	EndGlobalSection
	GlobalSection(ProjectConfigurationPlatforms) = postSolution
		{589DFA69-984F-4B00-B558-06855BD983A7}.Debug|Any CPU.ActiveCfg = Debug|Any CPU
		{589DFA69-984F-4B00-B558-06855BD983A7}.Debug|Any CPU.Build.0 = Debug|Any CPU
		{589DFA69-984F-4B00-B558-06855BD983A7}.Release|Any CPU.ActiveCfg = Release|Any CPU
		{589DFA69-984F-4B00-B558-06855BD983A7}.Release|Any CPU.Build.0 = Release|Any CPU
		{0E7D7D28-8862-49D4-B88F-5E102DB6BD09}.Debug|Any CPU.ActiveCfg = Debug|Any CPU
		{0E7D7D28-8862-49D4-B88F-5E102DB6BD09}.Debug|Any CPU.Build.0 = Debug|Any CPU
		{0E7D7D28-8862-49D4-B88F-5E102DB6BD09}.Release|Any CPU.ActiveCfg = Release|Any CPU
		{0E7D7D28-8862-49D4-B88F-5E102DB6BD09}.Release|Any CPU.Build.0 = Release|Any CPU
		{E71C3856-4536-44A3-9B84-2D668542E7DF}.Debug|Any CPU.ActiveCfg = Debug|Any CPU
		{E71C3856-4536-44A3-9B84-2D668542E7DF}.Debug|Any CPU.Build.0 = Debug|Any CPU
		{E71C3856-4536-44A3-9B84-2D668542E7DF}.Release|Any CPU.ActiveCfg = Release|Any CPU
		{E71C3856-4536-44A3-9B84-2D668542E7DF}.Release|Any CPU.Build.0 = Release|Any CPU
		{0D859B70-B534-4E98-B9A1-2E20853AA77C}.Debug|Any CPU.ActiveCfg = Debug|Any CPU
		{0D859B70-B534-4E98-B9A1-2E20853AA77C}.Debug|Any CPU.Build.0 = Debug|Any CPU
		{0D859B70-B534-4E98-B9A1-2E20853AA77C}.Release|Any CPU.ActiveCfg = Release|Any CPU
		{0D859B70-B534-4E98-B9A1-2E20853AA77C}.Release|Any CPU.Build.0 = Release|Any CPU
		{2AF8DC9B-6917-4B6E-B740-D19DC8CD9646}.Debug|Any CPU.ActiveCfg = Debug|Any CPU
		{2AF8DC9B-6917-4B6E-B740-D19DC8CD9646}.Debug|Any CPU.Build.0 = Debug|Any CPU
		{2AF8DC9B-6917-4B6E-B740-D19DC8CD9646}.Release|Any CPU.ActiveCfg = Release|Any CPU
		{2AF8DC9B-6917-4B6E-B740-D19DC8CD9646}.Release|Any CPU.Build.0 = Release|Any CPU
		{209C8253-5F1C-4AA5-AF96-17D2FC785813}.Debug|Any CPU.ActiveCfg = Debug|Any CPU
		{209C8253-5F1C-4AA5-AF96-17D2FC785813}.Debug|Any CPU.Build.0 = Debug|Any CPU
		{209C8253-5F1C-4AA5-AF96-17D2FC785813}.Release|Any CPU.ActiveCfg = Release|Any CPU
		{209C8253-5F1C-4AA5-AF96-17D2FC785813}.Release|Any CPU.Build.0 = Release|Any CPU
		{8BD7ACDC-C7B8-4687-A089-A87073202EE6}.Debug|Any CPU.ActiveCfg = Debug|Any CPU
		{8BD7ACDC-C7B8-4687-A089-A87073202EE6}.Debug|Any CPU.Build.0 = Debug|Any CPU
		{8BD7ACDC-C7B8-4687-A089-A87073202EE6}.Release|Any CPU.ActiveCfg = Release|Any CPU
		{8BD7ACDC-C7B8-4687-A089-A87073202EE6}.Release|Any CPU.Build.0 = Release|Any CPU
		{F402E09A-1298-49DD-886F-0D59EFDD9E79}.Debug|Any CPU.ActiveCfg = Debug|Any CPU
		{F402E09A-1298-49DD-886F-0D59EFDD9E79}.Debug|Any CPU.Build.0 = Debug|Any CPU
		{F402E09A-1298-49DD-886F-0D59EFDD9E79}.Release|Any CPU.ActiveCfg = Release|Any CPU
		{F402E09A-1298-49DD-886F-0D59EFDD9E79}.Release|Any CPU.Build.0 = Release|Any CPU
		{B6AEF080-C23E-4D4D-958C-E0D8AC66B044}.Debug|Any CPU.ActiveCfg = Debug|Any CPU
		{B6AEF080-C23E-4D4D-958C-E0D8AC66B044}.Debug|Any CPU.Build.0 = Debug|Any CPU
		{B6AEF080-C23E-4D4D-958C-E0D8AC66B044}.Release|Any CPU.ActiveCfg = Release|Any CPU
		{B6AEF080-C23E-4D4D-958C-E0D8AC66B044}.Release|Any CPU.Build.0 = Release|Any CPU
		{0384668E-1335-468F-8245-C53DAC37A3B8}.Debug|Any CPU.ActiveCfg = Debug|Any CPU
		{0384668E-1335-468F-8245-C53DAC37A3B8}.Debug|Any CPU.Build.0 = Debug|Any CPU
		{0384668E-1335-468F-8245-C53DAC37A3B8}.Release|Any CPU.ActiveCfg = Release|Any CPU
		{0384668E-1335-468F-8245-C53DAC37A3B8}.Release|Any CPU.Build.0 = Release|Any CPU
		{4DF109E8-00B5-4149-A1BA-CBB65179A1B3}.Debug|Any CPU.ActiveCfg = Debug|Any CPU
		{4DF109E8-00B5-4149-A1BA-CBB65179A1B3}.Debug|Any CPU.Build.0 = Debug|Any CPU
		{4DF109E8-00B5-4149-A1BA-CBB65179A1B3}.Release|Any CPU.ActiveCfg = Release|Any CPU
		{4DF109E8-00B5-4149-A1BA-CBB65179A1B3}.Release|Any CPU.Build.0 = Release|Any CPU
		{F591F2CC-54D1-4D1F-846E-19E8B0D10E77}.Debug|Any CPU.ActiveCfg = Debug|Any CPU
		{F591F2CC-54D1-4D1F-846E-19E8B0D10E77}.Debug|Any CPU.Build.0 = Debug|Any CPU
		{F591F2CC-54D1-4D1F-846E-19E8B0D10E77}.Release|Any CPU.ActiveCfg = Release|Any CPU
		{F591F2CC-54D1-4D1F-846E-19E8B0D10E77}.Release|Any CPU.Build.0 = Release|Any CPU
		{56334815-404B-4776-9ED6-0DB6B50E1CCA}.Debug|Any CPU.ActiveCfg = Debug|Any CPU
		{56334815-404B-4776-9ED6-0DB6B50E1CCA}.Debug|Any CPU.Build.0 = Debug|Any CPU
		{56334815-404B-4776-9ED6-0DB6B50E1CCA}.Release|Any CPU.ActiveCfg = Release|Any CPU
		{56334815-404B-4776-9ED6-0DB6B50E1CCA}.Release|Any CPU.Build.0 = Release|Any CPU
		{96A21112-0121-4D2F-8FC9-B1885E56D131}.Debug|Any CPU.ActiveCfg = Debug|Any CPU
		{96A21112-0121-4D2F-8FC9-B1885E56D131}.Debug|Any CPU.Build.0 = Debug|Any CPU
		{96A21112-0121-4D2F-8FC9-B1885E56D131}.Release|Any CPU.ActiveCfg = Release|Any CPU
		{96A21112-0121-4D2F-8FC9-B1885E56D131}.Release|Any CPU.Build.0 = Release|Any CPU
		{56940995-2137-4443-BC8A-5943B46BEEB2}.Debug|Any CPU.ActiveCfg = Debug|Any CPU
		{56940995-2137-4443-BC8A-5943B46BEEB2}.Debug|Any CPU.Build.0 = Debug|Any CPU
		{56940995-2137-4443-BC8A-5943B46BEEB2}.Release|Any CPU.ActiveCfg = Release|Any CPU
		{56940995-2137-4443-BC8A-5943B46BEEB2}.Release|Any CPU.Build.0 = Release|Any CPU
		{631A8DE9-8A11-4D11-943B-C2CB0499DA3E}.Debug|Any CPU.ActiveCfg = Debug|Any CPU
		{631A8DE9-8A11-4D11-943B-C2CB0499DA3E}.Debug|Any CPU.Build.0 = Debug|Any CPU
		{631A8DE9-8A11-4D11-943B-C2CB0499DA3E}.Release|Any CPU.ActiveCfg = Release|Any CPU
		{631A8DE9-8A11-4D11-943B-C2CB0499DA3E}.Release|Any CPU.Build.0 = Release|Any CPU
		{6EE5A5B3-D0F9-46D0-BF15-A9B7CF08238E}.Debug|Any CPU.ActiveCfg = Debug|Any CPU
		{6EE5A5B3-D0F9-46D0-BF15-A9B7CF08238E}.Debug|Any CPU.Build.0 = Debug|Any CPU
		{6EE5A5B3-D0F9-46D0-BF15-A9B7CF08238E}.Release|Any CPU.ActiveCfg = Release|Any CPU
		{6EE5A5B3-D0F9-46D0-BF15-A9B7CF08238E}.Release|Any CPU.Build.0 = Release|Any CPU
		{08BE1A28-8B2A-440A-9FC4-FABB3A012305}.Debug|Any CPU.ActiveCfg = Debug|Any CPU
		{08BE1A28-8B2A-440A-9FC4-FABB3A012305}.Debug|Any CPU.Build.0 = Debug|Any CPU
		{08BE1A28-8B2A-440A-9FC4-FABB3A012305}.Release|Any CPU.ActiveCfg = Release|Any CPU
		{08BE1A28-8B2A-440A-9FC4-FABB3A012305}.Release|Any CPU.Build.0 = Release|Any CPU
		{C375FF3B-1811-4529-B1D3-78FB1C8DF5E7}.Debug|Any CPU.ActiveCfg = Debug|Any CPU
		{C375FF3B-1811-4529-B1D3-78FB1C8DF5E7}.Debug|Any CPU.Build.0 = Debug|Any CPU
		{C375FF3B-1811-4529-B1D3-78FB1C8DF5E7}.Release|Any CPU.ActiveCfg = Release|Any CPU
		{C375FF3B-1811-4529-B1D3-78FB1C8DF5E7}.Release|Any CPU.Build.0 = Release|Any CPU
	EndGlobalSection
	GlobalSection(SolutionProperties) = preSolution
		HideSolutionNode = FALSE
	EndGlobalSection
	GlobalSection(NestedProjects) = preSolution
		{0384668E-1335-468F-8245-C53DAC37A3B8} = {BD460EB1-8EBD-465F-B70A-EC3DB24E5F78}
		{4DF109E8-00B5-4149-A1BA-CBB65179A1B3} = {C4C8AC11-9F1E-449B-B11B-5AFDD84132B2}
		{F591F2CC-54D1-4D1F-846E-19E8B0D10E77} = {C4C8AC11-9F1E-449B-B11B-5AFDD84132B2}
		{56334815-404B-4776-9ED6-0DB6B50E1CCA} = {C4C8AC11-9F1E-449B-B11B-5AFDD84132B2}
		{96A21112-0121-4D2F-8FC9-B1885E56D131} = {5AD6457C-2384-4845-84D1-B29CCE50148E}
		{56940995-2137-4443-BC8A-5943B46BEEB2} = {5AD6457C-2384-4845-84D1-B29CCE50148E}
		{631A8DE9-8A11-4D11-943B-C2CB0499DA3E} = {5AD6457C-2384-4845-84D1-B29CCE50148E}
		{6EE5A5B3-D0F9-46D0-BF15-A9B7CF08238E} = {6273022E-F85F-4C0A-82E2-7858B4284B6F}
		{08BE1A28-8B2A-440A-9FC4-FABB3A012305} = {6273022E-F85F-4C0A-82E2-7858B4284B6F}
		{C375FF3B-1811-4529-B1D3-78FB1C8DF5E7} = {6273022E-F85F-4C0A-82E2-7858B4284B6F}
	EndGlobalSection
	GlobalSection(ExtensibilityGlobals) = postSolution
		SolutionGuid = {09032752-35C6-44BA-9492-BC2F4C0470AF}
	EndGlobalSection
EndGlobal
